
Microsoft Visual Studio Solution File, Format Version 12.00
Project("{FAE04EC0-301F-11D3-BF4B-00C04F79EFBC}") = "Cookies", "Cookies\Cookies.csproj", "{402E44AC-7A47-431B-85E7-0AE8B2C404BF}"
EndProject
Global
	GlobalSection(SolutionConfigurationPlatforms) = preSolution
		Debug|Any CPU = Debug|Any CPU
		Release|Any CPU = Release|Any CPU
	EndGlobalSection
	GlobalSection(ProjectConfigurationPlatforms) = postSolution
		{402E44AC-7A47-431B-85E7-0AE8B2C404BF}.Debug|Any CPU.ActiveCfg = Debug|Any CPU
		{402E44AC-7A47-431B-85E7-0AE8B2C404BF}.Debug|Any CPU.Build.0 = Debug|Any CPU
		{402E44AC-7A47-431B-85E7-0AE8B2C404BF}.Release|Any CPU.ActiveCfg = Release|Any CPU
		{402E44AC-7A47-431B-85E7-0AE8B2C404BF}.Release|Any CPU.Build.0 = Release|Any CPU
	EndGlobalSection
EndGlobal
